
Microsoft Visual Studio Solution File, Format Version 12.00
# Visual Studio 15
VisualStudioVersion = 15.0.26730.15
MinimumVisualStudioVersion = 10.0.40219.1
Project("{FAE04EC0-301F-11D3-BF4B-00C04F79EFBC}") = "BenchMarkDotNetComparsion", "BenchMarkDotNetComparsion\BenchMarkDotNetComparsion.csproj", "{A291BE99-A089-4206-A9F4-F190089023C6}"
EndProject
Global
	GlobalSection(SolutionConfigurationPlatforms) = preSolution
		Debug|Any CPU = Debug|Any CPU
		Release|Any CPU = Release|Any CPU
	EndGlobalSection
	GlobalSection(ProjectConfigurationPlatforms) = postSolution
		{A291BE99-A089-4206-A9F4-F190089023C6}.Debug|Any CPU.ActiveCfg = Debug|Any CPU
		{A291BE99-A089-4206-A9F4-F190089023C6}.Debug|Any CPU.Build.0 = Debug|Any CPU
		{A291BE99-A089-4206-A9F4-F190089023C6}.Release|Any CPU.ActiveCfg = Release|Any CPU
		{A291BE99-A089-4206-A9F4-F190089023C6}.Release|Any CPU.Build.0 = Release|Any CPU
	EndGlobalSection
	GlobalSection(SolutionProperties) = preSolution
		HideSolutionNode = FALSE
	EndGlobalSection
	GlobalSection(ExtensibilityGlobals) = postSolution
		SolutionGuid = {52105FF5-821C-4702-85B9-9027FFE5EBB8}
	EndGlobalSection
EndGlobal
